# This file is automatically @generated by Cargo.
# It is not intended for manual editing.
version = 4

[[package]]
name = "btop-collect"
version = "0.1.0"

[[package]]
name = "btop-config"
version = "0.1.0"
dependencies = [
 "btop-tools",
]

[[package]]
name = "btop-draw"
version = "0.1.0"
dependencies = [
 "btop-tools",
]

[[package]]
name = "btop-tools"
version = "0.1.0"
